
Microsoft Visual Studio Solution File, Format Version 12.00
# Visual Studio 15
VisualStudioVersion = 15.0.28307.572
MinimumVisualStudioVersion = 10.0.40219.1
Project("{FAE04EC0-301F-11D3-BF4B-00C04F79EFBC}") = "CIMParser", "CIMParser\CIMParser.csproj", "{3C03A41C-BE4C-40A8-97D5-5DBAC0C34102}"
EndProject
Project("{FAE04EC0-301F-11D3-BF4B-00C04F79EFBC}") = "CIMProfileCreator", "CIMProfileCreator\CIMProfileCreator.csproj", "{05FA2F21-D4DE-4F42-8D8F-AC79993394F6}"
EndProject
Project("{FAE04EC0-301F-11D3-BF4B-00C04F79EFBC}") = "ModelLabsApp", "ModelLabsApp\ModelLabsApp.csproj", "{3DD11384-2CC1-4EE9-9F4A-02B6FE8759C0}"
	ProjectSection(ProjectDependencies) = postProject
		{3C03A41C-BE4C-40A8-97D5-5DBAC0C34102} = {3C03A41C-BE4C-40A8-97D5-5DBAC0C34102}
	EndProjectSection
EndProject
Project("{FAE04EC0-301F-11D3-BF4B-00C04F79EFBC}") = "CIMAdapter", "CIMAdapter\CIMAdapter.csproj", "{F680D34F-C148-4314-8914-B2DF3E7B17AF}"
EndProject
Project("{2150E333-8FDC-42A3-9474-1A3956D46DE8}") = "ServiceContracts", "ServiceContracts", "{7C00CB4E-E03D-4B3A-889D-D2B59C3E4438}"
EndProject
Project("{FAE04EC0-301F-11D3-BF4B-00C04F79EFBC}") = "NetworkModelGDAContract", "ServiceContracts\NetworkModelQueryContract\NetworkModelGDAContract.csproj", "{B726FB71-D295-41EE-9644-B2B0B1BC8911}"
EndProject
Project("{2150E333-8FDC-42A3-9474-1A3956D46DE8}") = "Common", "Common", "{D4414E5B-A380-4CBE-9103-BC7588260976}"
EndProject
Project("{FAE04EC0-301F-11D3-BF4B-00C04F79EFBC}") = "Common", "Common\Common.csproj", "{892CBE15-9ED7-4540-81FA-0EAABA592138}"
EndProject
Project("{2150E333-8FDC-42A3-9474-1A3956D46DE8}") = "NetworkModelService", "NetworkModelService", "{ABC630A2-50D2-4DF5-B4FF-C6E1FABE530E}"
EndProject
Project("{2150E333-8FDC-42A3-9474-1A3956D46DE8}") = "TestClient", "TestClient", "{CD0EE85F-3877-4725-9A29-968A33156D3D}"
EndProject
Project("{FAE04EC0-301F-11D3-BF4B-00C04F79EFBC}") = "NetworkModelService", "NetworkModelService\NetworkModelService.csproj", "{2630D180-1B68-4E84-AEAC-42EE8C88B50F}"
EndProject
Project("{FAE04EC0-301F-11D3-BF4B-00C04F79EFBC}") = "DataModel", "NetworkModelService\DataModel\DataModel.csproj", "{ADE96497-7C11-40B6-AE82-57F956C9F104}"
EndProject
Project("{FAE04EC0-301F-11D3-BF4B-00C04F79EFBC}") = "NMSTestClient", "NetworkModelService\Test\NMSTestClient\NMSTestClient.csproj", "{32EE9373-A350-42AC-972B-41B2EDABA082}"
EndProject
Project("{FAE04EC0-301F-11D3-BF4B-00C04F79EFBC}") = "NetworkModelServiceSelfHost", "NetworkModelService\ServiceHost\NetworkModelServiceSelfHost\NetworkModelServiceSelfHost.csproj", "{E112FFCC-BD88-4056-99E1-0991A0E82588}"
EndProject
Project("{2150E333-8FDC-42A3-9474-1A3956D46DE8}") = "UI", "UI", "{2AFC5D5F-91E9-4F22-A752-D39ECDA1BE30}"
EndProject
Project("{FAE04EC0-301F-11D3-BF4B-00C04F79EFBC}") = "UI", "UI\UI.csproj", "{FA24EBE1-6ADD-4BB5-AE04-47E1B0A8AC9D}"
EndProject
Project("{2150E333-8FDC-42A3-9474-1A3956D46DE8}") = "SCADA", "SCADA", "{BF286D6A-02BF-4802-8E6F-A499B3DFE0FB}"
EndProject
Project("{FAE04EC0-301F-11D3-BF4B-00C04F79EFBC}") = "ScadaServiceSelfHost", "ScadaServiceSelfHost\ScadaServiceSelfHost.csproj", "{C1EB7C05-6D38-4CE9-9EF6-93D419B954F0}"
EndProject
Project("{FAE04EC0-301F-11D3-BF4B-00C04F79EFBC}") = "ScadaService", "ScadaService\ScadaService.csproj", "{21C5F1B5-46DC-48C2-84C0-38C56299C891}"
EndProject
Project("{FAE04EC0-301F-11D3-BF4B-00C04F79EFBC}") = "ScadaContracts", "ScadaContracts\ScadaContracts.csproj", "{4009EC13-9CB9-4092-9D3C-834756AF5602}"
EndProject
Project("{FAE04EC0-301F-11D3-BF4B-00C04F79EFBC}") = "ModbusClient", "ModbusClient\ModbusClient.csproj", "{9EDAFF9E-7E95-40EE-B797-A5F49BA29E76}"
EndProject
Project("{2150E333-8FDC-42A3-9474-1A3956D46DE8}") = "ScadaProcessing", "ScadaProcessing", "{265A6E11-3412-45BE-AA4A-6AA4722D2F46}"
EndProject
Project("{FAE04EC0-301F-11D3-BF4B-00C04F79EFBC}") = "ScadaProcessingSelfHost", "ScadaProcessingSelfHost\ScadaProcessingSelfHost.csproj", "{8D5E8453-0AC4-4627-B0BE-EEACEF17D44B}"
EndProject
Project("{FAE04EC0-301F-11D3-BF4B-00C04F79EFBC}") = "ScadaProcessingSevice", "ScadaProcessingSevice\ScadaProcessingSevice.csproj", "{51D89EE9-CC78-4F1B-95A0-AB9AC057A692}"
EndProject
Project("{2150E333-8FDC-42A3-9474-1A3956D46DE8}") = "ForMeasurement", "ForMeasurement", "{BD71B780-9B88-4BD9-AD58-E63E355CF614}"
EndProject
Project("{FAE04EC0-301F-11D3-BF4B-00C04F79EFBC}") = "CommonMeas", "CommonMeas\CommonMeas.csproj", "{41C8517A-D6F5-4BBF-AF20-DC99A12664E8}"
EndProject
Project("{2150E333-8FDC-42A3-9474-1A3956D46DE8}") = "CalculationEngineService", "CalculationEngineService", "{857A7659-54F7-4BEF-9CBE-E106CEF6CD00}"
EndProject
Project("{FAE04EC0-301F-11D3-BF4B-00C04F79EFBC}") = "CalculationEngineService", "CalculationEngineService\CalculationEngineService.csproj", "{2F117758-5FEB-4D75-8534-6F1099ED5CEA}"
EndProject
Project("{FAE04EC0-301F-11D3-BF4B-00C04F79EFBC}") = "CalculationEngineContracts", "CalculationEngineContracts\CalculationEngineContracts.csproj", "{A6DD77D6-80F9-4BA6-83F7-4913C2DF866A}"
EndProject
Project("{FAE04EC0-301F-11D3-BF4B-00C04F79EFBC}") = "CalculationEngineServ", "CalculationEngineServ\CalculationEngineServ.csproj", "{4E67B062-A8D7-4FB8-9487-B0ACE402DF52}"
EndProject
Project("{2150E333-8FDC-42A3-9474-1A3956D46DE8}") = "Transaction", "Transaction", "{F5AC35B5-7753-465E-A67E-E4376A2B4A24}"
EndProject
Project("{FAE04EC0-301F-11D3-BF4B-00C04F79EFBC}") = "TransactionManagerService", "TransactionManagerService\TransactionManagerService.csproj", "{01A76ECF-D89D-4862-9930-D45744C3F2F1}"
EndProject
Project("{FAE04EC0-301F-11D3-BF4B-00C04F79EFBC}") = "TransactionManagerServiceSelfHost", "TransactionManagerServiceSelfHost\TransactionManagerServiceSelfHost.csproj", "{43449FE4-08B6-49E6-9590-CB44C8C57672}"
EndProject
Project("{FAE04EC0-301F-11D3-BF4B-00C04F79EFBC}") = "TransactionContract", "TransactionContract\TransactionContract.csproj", "{1E99A031-C0FF-416F-9C9B-3575941DF41E}"
EndProject
Global
	GlobalSection(SolutionConfigurationPlatforms) = preSolution
		Debug|Any CPU = Debug|Any CPU
		Debug|x64 = Debug|x64
		Debug|x86 = Debug|x86
		Release|Any CPU = Release|Any CPU
		Release|x64 = Release|x64
		Release|x86 = Release|x86
	EndGlobalSection
	GlobalSection(ProjectConfigurationPlatforms) = postSolution
		{3C03A41C-BE4C-40A8-97D5-5DBAC0C34102}.Debug|Any CPU.ActiveCfg = Debug|x86
		{3C03A41C-BE4C-40A8-97D5-5DBAC0C34102}.Debug|Any CPU.Build.0 = Debug|x86
		{3C03A41C-BE4C-40A8-97D5-5DBAC0C34102}.Debug|x64.ActiveCfg = Debug|x64
		{3C03A41C-BE4C-40A8-97D5-5DBAC0C34102}.Debug|x64.Build.0 = Debug|x64
		{3C03A41C-BE4C-40A8-97D5-5DBAC0C34102}.Debug|x86.ActiveCfg = Debug|x86
		{3C03A41C-BE4C-40A8-97D5-5DBAC0C34102}.Debug|x86.Build.0 = Debug|x86
		{3C03A41C-BE4C-40A8-97D5-5DBAC0C34102}.Release|Any CPU.ActiveCfg = Release|x86
		{3C03A41C-BE4C-40A8-97D5-5DBAC0C34102}.Release|x64.ActiveCfg = Release|x64
		{3C03A41C-BE4C-40A8-97D5-5DBAC0C34102}.Release|x64.Build.0 = Release|x64
		{3C03A41C-BE4C-40A8-97D5-5DBAC0C34102}.Release|x86.ActiveCfg = Release|x86
		{3C03A41C-BE4C-40A8-97D5-5DBAC0C34102}.Release|x86.Build.0 = Release|x86
		{05FA2F21-D4DE-4F42-8D8F-AC79993394F6}.Debug|Any CPU.ActiveCfg = Debug|x86
		{05FA2F21-D4DE-4F42-8D8F-AC79993394F6}.Debug|Any CPU.Build.0 = Debug|x86
		{05FA2F21-D4DE-4F42-8D8F-AC79993394F6}.Debug|x64.ActiveCfg = Debug|x64
		{05FA2F21-D4DE-4F42-8D8F-AC79993394F6}.Debug|x64.Build.0 = Debug|x64
		{05FA2F21-D4DE-4F42-8D8F-AC79993394F6}.Debug|x86.ActiveCfg = Debug|x86
		{05FA2F21-D4DE-4F42-8D8F-AC79993394F6}.Debug|x86.Build.0 = Debug|x86
		{05FA2F21-D4DE-4F42-8D8F-AC79993394F6}.Release|Any CPU.ActiveCfg = Release|x86
		{05FA2F21-D4DE-4F42-8D8F-AC79993394F6}.Release|x64.ActiveCfg = Release|x64
		{05FA2F21-D4DE-4F42-8D8F-AC79993394F6}.Release|x64.Build.0 = Release|x64
		{05FA2F21-D4DE-4F42-8D8F-AC79993394F6}.Release|x86.ActiveCfg = Release|x86
		{05FA2F21-D4DE-4F42-8D8F-AC79993394F6}.Release|x86.Build.0 = Release|x86
		{3DD11384-2CC1-4EE9-9F4A-02B6FE8759C0}.Debug|Any CPU.ActiveCfg = Debug|x86
		{3DD11384-2CC1-4EE9-9F4A-02B6FE8759C0}.Debug|Any CPU.Build.0 = Debug|x86
		{3DD11384-2CC1-4EE9-9F4A-02B6FE8759C0}.Debug|x64.ActiveCfg = Debug|x64
		{3DD11384-2CC1-4EE9-9F4A-02B6FE8759C0}.Debug|x64.Build.0 = Debug|x64
		{3DD11384-2CC1-4EE9-9F4A-02B6FE8759C0}.Debug|x86.ActiveCfg = Debug|x86
		{3DD11384-2CC1-4EE9-9F4A-02B6FE8759C0}.Debug|x86.Build.0 = Debug|x86
		{3DD11384-2CC1-4EE9-9F4A-02B6FE8759C0}.Release|Any CPU.ActiveCfg = Release|x86
		{3DD11384-2CC1-4EE9-9F4A-02B6FE8759C0}.Release|x64.ActiveCfg = Release|x64
		{3DD11384-2CC1-4EE9-9F4A-02B6FE8759C0}.Release|x64.Build.0 = Release|x64
		{3DD11384-2CC1-4EE9-9F4A-02B6FE8759C0}.Release|x86.ActiveCfg = Release|x86
		{3DD11384-2CC1-4EE9-9F4A-02B6FE8759C0}.Release|x86.Build.0 = Release|x86
		{F680D34F-C148-4314-8914-B2DF3E7B17AF}.Debug|Any CPU.ActiveCfg = Debug|x86
		{F680D34F-C148-4314-8914-B2DF3E7B17AF}.Debug|Any CPU.Build.0 = Debug|x86
		{F680D34F-C148-4314-8914-B2DF3E7B17AF}.Debug|x64.ActiveCfg = Debug|x64
		{F680D34F-C148-4314-8914-B2DF3E7B17AF}.Debug|x64.Build.0 = Debug|x64
		{F680D34F-C148-4314-8914-B2DF3E7B17AF}.Debug|x86.ActiveCfg = Debug|x86
		{F680D34F-C148-4314-8914-B2DF3E7B17AF}.Debug|x86.Build.0 = Debug|x86
		{F680D34F-C148-4314-8914-B2DF3E7B17AF}.Release|Any CPU.ActiveCfg = Release|x86
		{F680D34F-C148-4314-8914-B2DF3E7B17AF}.Release|x64.ActiveCfg = Release|x64
		{F680D34F-C148-4314-8914-B2DF3E7B17AF}.Release|x64.Build.0 = Release|x64
		{F680D34F-C148-4314-8914-B2DF3E7B17AF}.Release|x86.ActiveCfg = Release|x86
		{F680D34F-C148-4314-8914-B2DF3E7B17AF}.Release|x86.Build.0 = Release|x86
		{B726FB71-D295-41EE-9644-B2B0B1BC8911}.Debug|Any CPU.ActiveCfg = Debug|x86
		{B726FB71-D295-41EE-9644-B2B0B1BC8911}.Debug|Any CPU.Build.0 = Debug|x86
		{B726FB71-D295-41EE-9644-B2B0B1BC8911}.Debug|x64.ActiveCfg = Debug|x64
		{B726FB71-D295-41EE-9644-B2B0B1BC8911}.Debug|x64.Build.0 = Debug|x64
		{B726FB71-D295-41EE-9644-B2B0B1BC8911}.Debug|x86.ActiveCfg = Debug|x86
		{B726FB71-D295-41EE-9644-B2B0B1BC8911}.Debug|x86.Build.0 = Debug|x86
		{B726FB71-D295-41EE-9644-B2B0B1BC8911}.Release|Any CPU.ActiveCfg = Release|x86
		{B726FB71-D295-41EE-9644-B2B0B1BC8911}.Release|x64.ActiveCfg = Release|x64
		{B726FB71-D295-41EE-9644-B2B0B1BC8911}.Release|x64.Build.0 = Release|x64
		{B726FB71-D295-41EE-9644-B2B0B1BC8911}.Release|x86.ActiveCfg = Release|x86
		{B726FB71-D295-41EE-9644-B2B0B1BC8911}.Release|x86.Build.0 = Release|x86
		{892CBE15-9ED7-4540-81FA-0EAABA592138}.Debug|Any CPU.ActiveCfg = Debug|x86
		{892CBE15-9ED7-4540-81FA-0EAABA592138}.Debug|Any CPU.Build.0 = Debug|x86
		{892CBE15-9ED7-4540-81FA-0EAABA592138}.Debug|x64.ActiveCfg = Debug|x64
		{892CBE15-9ED7-4540-81FA-0EAABA592138}.Debug|x64.Build.0 = Debug|x64
		{892CBE15-9ED7-4540-81FA-0EAABA592138}.Debug|x86.ActiveCfg = Debug|x86
		{892CBE15-9ED7-4540-81FA-0EAABA592138}.Debug|x86.Build.0 = Debug|x86
		{892CBE15-9ED7-4540-81FA-0EAABA592138}.Release|Any CPU.ActiveCfg = Release|x86
		{892CBE15-9ED7-4540-81FA-0EAABA592138}.Release|x64.ActiveCfg = Release|x64
		{892CBE15-9ED7-4540-81FA-0EAABA592138}.Release|x64.Build.0 = Release|x64
		{892CBE15-9ED7-4540-81FA-0EAABA592138}.Release|x86.ActiveCfg = Release|x86
		{892CBE15-9ED7-4540-81FA-0EAABA592138}.Release|x86.Build.0 = Release|x86
		{2630D180-1B68-4E84-AEAC-42EE8C88B50F}.Debug|Any CPU.ActiveCfg = Debug|x86
		{2630D180-1B68-4E84-AEAC-42EE8C88B50F}.Debug|Any CPU.Build.0 = Debug|x86
		{2630D180-1B68-4E84-AEAC-42EE8C88B50F}.Debug|x64.ActiveCfg = Debug|x64
		{2630D180-1B68-4E84-AEAC-42EE8C88B50F}.Debug|x64.Build.0 = Debug|x64
		{2630D180-1B68-4E84-AEAC-42EE8C88B50F}.Debug|x86.ActiveCfg = Debug|x86
		{2630D180-1B68-4E84-AEAC-42EE8C88B50F}.Debug|x86.Build.0 = Debug|x86
		{2630D180-1B68-4E84-AEAC-42EE8C88B50F}.Release|Any CPU.ActiveCfg = Release|x86
		{2630D180-1B68-4E84-AEAC-42EE8C88B50F}.Release|x64.ActiveCfg = Release|x64
		{2630D180-1B68-4E84-AEAC-42EE8C88B50F}.Release|x64.Build.0 = Release|x64
		{2630D180-1B68-4E84-AEAC-42EE8C88B50F}.Release|x86.ActiveCfg = Release|x86
		{2630D180-1B68-4E84-AEAC-42EE8C88B50F}.Release|x86.Build.0 = Release|x86
		{ADE96497-7C11-40B6-AE82-57F956C9F104}.Debug|Any CPU.ActiveCfg = Debug|x86
		{ADE96497-7C11-40B6-AE82-57F956C9F104}.Debug|Any CPU.Build.0 = Debug|x86
		{ADE96497-7C11-40B6-AE82-57F956C9F104}.Debug|x64.ActiveCfg = Debug|x64
		{ADE96497-7C11-40B6-AE82-57F956C9F104}.Debug|x64.Build.0 = Debug|x64
		{ADE96497-7C11-40B6-AE82-57F956C9F104}.Debug|x86.ActiveCfg = Debug|x86
		{ADE96497-7C11-40B6-AE82-57F956C9F104}.Debug|x86.Build.0 = Debug|x86
		{ADE96497-7C11-40B6-AE82-57F956C9F104}.Release|Any CPU.ActiveCfg = Release|x86
		{ADE96497-7C11-40B6-AE82-57F956C9F104}.Release|x64.ActiveCfg = Release|x64
		{ADE96497-7C11-40B6-AE82-57F956C9F104}.Release|x64.Build.0 = Release|x64
		{ADE96497-7C11-40B6-AE82-57F956C9F104}.Release|x86.ActiveCfg = Release|x86
		{ADE96497-7C11-40B6-AE82-57F956C9F104}.Release|x86.Build.0 = Release|x86
		{32EE9373-A350-42AC-972B-41B2EDABA082}.Debug|Any CPU.ActiveCfg = Debug|x86
		{32EE9373-A350-42AC-972B-41B2EDABA082}.Debug|Any CPU.Build.0 = Debug|x86
		{32EE9373-A350-42AC-972B-41B2EDABA082}.Debug|x64.ActiveCfg = Debug|x64
		{32EE9373-A350-42AC-972B-41B2EDABA082}.Debug|x64.Build.0 = Debug|x64
		{32EE9373-A350-42AC-972B-41B2EDABA082}.Debug|x86.ActiveCfg = Debug|x86
		{32EE9373-A350-42AC-972B-41B2EDABA082}.Debug|x86.Build.0 = Debug|x86
		{32EE9373-A350-42AC-972B-41B2EDABA082}.Release|Any CPU.ActiveCfg = Release|x86
		{32EE9373-A350-42AC-972B-41B2EDABA082}.Release|x64.ActiveCfg = Release|x64
		{32EE9373-A350-42AC-972B-41B2EDABA082}.Release|x64.Build.0 = Release|x64
		{32EE9373-A350-42AC-972B-41B2EDABA082}.Release|x86.ActiveCfg = Release|x86
		{32EE9373-A350-42AC-972B-41B2EDABA082}.Release|x86.Build.0 = Release|x86
		{E112FFCC-BD88-4056-99E1-0991A0E82588}.Debug|Any CPU.ActiveCfg = Debug|x86
		{E112FFCC-BD88-4056-99E1-0991A0E82588}.Debug|Any CPU.Build.0 = Debug|x86
		{E112FFCC-BD88-4056-99E1-0991A0E82588}.Debug|x64.ActiveCfg = Debug|x64
		{E112FFCC-BD88-4056-99E1-0991A0E82588}.Debug|x64.Build.0 = Debug|x64
		{E112FFCC-BD88-4056-99E1-0991A0E82588}.Debug|x86.ActiveCfg = Debug|x86
		{E112FFCC-BD88-4056-99E1-0991A0E82588}.Debug|x86.Build.0 = Debug|x86
		{E112FFCC-BD88-4056-99E1-0991A0E82588}.Release|Any CPU.ActiveCfg = Release|x86
		{E112FFCC-BD88-4056-99E1-0991A0E82588}.Release|x64.ActiveCfg = Release|x64
		{E112FFCC-BD88-4056-99E1-0991A0E82588}.Release|x64.Build.0 = Release|x64
		{E112FFCC-BD88-4056-99E1-0991A0E82588}.Release|x86.ActiveCfg = Release|x86
		{E112FFCC-BD88-4056-99E1-0991A0E82588}.Release|x86.Build.0 = Release|x86
		{FA24EBE1-6ADD-4BB5-AE04-47E1B0A8AC9D}.Debug|Any CPU.ActiveCfg = Debug|Any CPU
		{FA24EBE1-6ADD-4BB5-AE04-47E1B0A8AC9D}.Debug|Any CPU.Build.0 = Debug|Any CPU
		{FA24EBE1-6ADD-4BB5-AE04-47E1B0A8AC9D}.Debug|x64.ActiveCfg = Debug|Any CPU
		{FA24EBE1-6ADD-4BB5-AE04-47E1B0A8AC9D}.Debug|x64.Build.0 = Debug|Any CPU
		{FA24EBE1-6ADD-4BB5-AE04-47E1B0A8AC9D}.Debug|x86.ActiveCfg = Debug|x86
		{FA24EBE1-6ADD-4BB5-AE04-47E1B0A8AC9D}.Debug|x86.Build.0 = Debug|x86
		{FA24EBE1-6ADD-4BB5-AE04-47E1B0A8AC9D}.Release|Any CPU.ActiveCfg = Release|Any CPU
		{FA24EBE1-6ADD-4BB5-AE04-47E1B0A8AC9D}.Release|Any CPU.Build.0 = Release|Any CPU
		{FA24EBE1-6ADD-4BB5-AE04-47E1B0A8AC9D}.Release|x64.ActiveCfg = Release|Any CPU
		{FA24EBE1-6ADD-4BB5-AE04-47E1B0A8AC9D}.Release|x64.Build.0 = Release|Any CPU
		{FA24EBE1-6ADD-4BB5-AE04-47E1B0A8AC9D}.Release|x86.ActiveCfg = Release|x86
		{FA24EBE1-6ADD-4BB5-AE04-47E1B0A8AC9D}.Release|x86.Build.0 = Release|x86
		{C1EB7C05-6D38-4CE9-9EF6-93D419B954F0}.Debug|Any CPU.ActiveCfg = Debug|Any CPU
		{C1EB7C05-6D38-4CE9-9EF6-93D419B954F0}.Debug|Any CPU.Build.0 = Debug|Any CPU
		{C1EB7C05-6D38-4CE9-9EF6-93D419B954F0}.Debug|x64.ActiveCfg = Debug|Any CPU
		{C1EB7C05-6D38-4CE9-9EF6-93D419B954F0}.Debug|x64.Build.0 = Debug|Any CPU
		{C1EB7C05-6D38-4CE9-9EF6-93D419B954F0}.Debug|x86.ActiveCfg = Debug|x86
		{C1EB7C05-6D38-4CE9-9EF6-93D419B954F0}.Debug|x86.Build.0 = Debug|x86
		{C1EB7C05-6D38-4CE9-9EF6-93D419B954F0}.Release|Any CPU.ActiveCfg = Release|Any CPU
		{C1EB7C05-6D38-4CE9-9EF6-93D419B954F0}.Release|Any CPU.Build.0 = Release|Any CPU
		{C1EB7C05-6D38-4CE9-9EF6-93D419B954F0}.Release|x64.ActiveCfg = Release|Any CPU
		{C1EB7C05-6D38-4CE9-9EF6-93D419B954F0}.Release|x64.Build.0 = Release|Any CPU
		{C1EB7C05-6D38-4CE9-9EF6-93D419B954F0}.Release|x86.ActiveCfg = Release|x86
		{C1EB7C05-6D38-4CE9-9EF6-93D419B954F0}.Release|x86.Build.0 = Release|x86
		{21C5F1B5-46DC-48C2-84C0-38C56299C891}.Debug|Any CPU.ActiveCfg = Debug|Any CPU
		{21C5F1B5-46DC-48C2-84C0-38C56299C891}.Debug|Any CPU.Build.0 = Debug|Any CPU
		{21C5F1B5-46DC-48C2-84C0-38C56299C891}.Debug|x64.ActiveCfg = Debug|Any CPU
		{21C5F1B5-46DC-48C2-84C0-38C56299C891}.Debug|x64.Build.0 = Debug|Any CPU
		{21C5F1B5-46DC-48C2-84C0-38C56299C891}.Debug|x86.ActiveCfg = Debug|x86
		{21C5F1B5-46DC-48C2-84C0-38C56299C891}.Debug|x86.Build.0 = Debug|x86
		{21C5F1B5-46DC-48C2-84C0-38C56299C891}.Release|Any CPU.ActiveCfg = Release|Any CPU
		{21C5F1B5-46DC-48C2-84C0-38C56299C891}.Release|Any CPU.Build.0 = Release|Any CPU
		{21C5F1B5-46DC-48C2-84C0-38C56299C891}.Release|x64.ActiveCfg = Release|Any CPU
		{21C5F1B5-46DC-48C2-84C0-38C56299C891}.Release|x64.Build.0 = Release|Any CPU
		{21C5F1B5-46DC-48C2-84C0-38C56299C891}.Release|x86.ActiveCfg = Release|x86
		{21C5F1B5-46DC-48C2-84C0-38C56299C891}.Release|x86.Build.0 = Release|x86
		{4009EC13-9CB9-4092-9D3C-834756AF5602}.Debug|Any CPU.ActiveCfg = Debug|Any CPU
		{4009EC13-9CB9-4092-9D3C-834756AF5602}.Debug|Any CPU.Build.0 = Debug|Any CPU
		{4009EC13-9CB9-4092-9D3C-834756AF5602}.Debug|x64.ActiveCfg = Debug|Any CPU
		{4009EC13-9CB9-4092-9D3C-834756AF5602}.Debug|x64.Build.0 = Debug|Any CPU
		{4009EC13-9CB9-4092-9D3C-834756AF5602}.Debug|x86.ActiveCfg = Debug|x86
		{4009EC13-9CB9-4092-9D3C-834756AF5602}.Debug|x86.Build.0 = Debug|x86
		{4009EC13-9CB9-4092-9D3C-834756AF5602}.Release|Any CPU.ActiveCfg = Release|Any CPU
		{4009EC13-9CB9-4092-9D3C-834756AF5602}.Release|Any CPU.Build.0 = Release|Any CPU
		{4009EC13-9CB9-4092-9D3C-834756AF5602}.Release|x64.ActiveCfg = Release|Any CPU
		{4009EC13-9CB9-4092-9D3C-834756AF5602}.Release|x64.Build.0 = Release|Any CPU
		{4009EC13-9CB9-4092-9D3C-834756AF5602}.Release|x86.ActiveCfg = Release|x86
		{4009EC13-9CB9-4092-9D3C-834756AF5602}.Release|x86.Build.0 = Release|x86
		{9EDAFF9E-7E95-40EE-B797-A5F49BA29E76}.Debug|Any CPU.ActiveCfg = Debug|Any CPU
		{9EDAFF9E-7E95-40EE-B797-A5F49BA29E76}.Debug|Any CPU.Build.0 = Debug|Any CPU
		{9EDAFF9E-7E95-40EE-B797-A5F49BA29E76}.Debug|x64.ActiveCfg = Debug|Any CPU
		{9EDAFF9E-7E95-40EE-B797-A5F49BA29E76}.Debug|x64.Build.0 = Debug|Any CPU
		{9EDAFF9E-7E95-40EE-B797-A5F49BA29E76}.Debug|x86.ActiveCfg = Debug|x86
		{9EDAFF9E-7E95-40EE-B797-A5F49BA29E76}.Debug|x86.Build.0 = Debug|x86
		{9EDAFF9E-7E95-40EE-B797-A5F49BA29E76}.Release|Any CPU.ActiveCfg = Release|Any CPU
		{9EDAFF9E-7E95-40EE-B797-A5F49BA29E76}.Release|Any CPU.Build.0 = Release|Any CPU
		{9EDAFF9E-7E95-40EE-B797-A5F49BA29E76}.Release|x64.ActiveCfg = Release|Any CPU
		{9EDAFF9E-7E95-40EE-B797-A5F49BA29E76}.Release|x64.Build.0 = Release|Any CPU
		{9EDAFF9E-7E95-40EE-B797-A5F49BA29E76}.Release|x86.ActiveCfg = Release|x86
		{9EDAFF9E-7E95-40EE-B797-A5F49BA29E76}.Release|x86.Build.0 = Release|x86
		{8D5E8453-0AC4-4627-B0BE-EEACEF17D44B}.Debug|Any CPU.ActiveCfg = Debug|Any CPU
		{8D5E8453-0AC4-4627-B0BE-EEACEF17D44B}.Debug|Any CPU.Build.0 = Debug|Any CPU
		{8D5E8453-0AC4-4627-B0BE-EEACEF17D44B}.Debug|x64.ActiveCfg = Debug|x86
		{8D5E8453-0AC4-4627-B0BE-EEACEF17D44B}.Debug|x64.Build.0 = Debug|x86
		{8D5E8453-0AC4-4627-B0BE-EEACEF17D44B}.Debug|x86.ActiveCfg = Debug|x86
		{8D5E8453-0AC4-4627-B0BE-EEACEF17D44B}.Debug|x86.Build.0 = Debug|x86
		{8D5E8453-0AC4-4627-B0BE-EEACEF17D44B}.Release|Any CPU.ActiveCfg = Release|Any CPU
		{8D5E8453-0AC4-4627-B0BE-EEACEF17D44B}.Release|Any CPU.Build.0 = Release|Any CPU
		{8D5E8453-0AC4-4627-B0BE-EEACEF17D44B}.Release|x64.ActiveCfg = Release|Any CPU
		{8D5E8453-0AC4-4627-B0BE-EEACEF17D44B}.Release|x64.Build.0 = Release|Any CPU
		{8D5E8453-0AC4-4627-B0BE-EEACEF17D44B}.Release|x86.ActiveCfg = Release|x86
		{8D5E8453-0AC4-4627-B0BE-EEACEF17D44B}.Release|x86.Build.0 = Release|x86
		{51D89EE9-CC78-4F1B-95A0-AB9AC057A692}.Debug|Any CPU.ActiveCfg = Debug|Any CPU
		{51D89EE9-CC78-4F1B-95A0-AB9AC057A692}.Debug|Any CPU.Build.0 = Debug|Any CPU
		{51D89EE9-CC78-4F1B-95A0-AB9AC057A692}.Debug|x64.ActiveCfg = Debug|x86
		{51D89EE9-CC78-4F1B-95A0-AB9AC057A692}.Debug|x64.Build.0 = Debug|x86
		{51D89EE9-CC78-4F1B-95A0-AB9AC057A692}.Debug|x86.ActiveCfg = Debug|x86
		{51D89EE9-CC78-4F1B-95A0-AB9AC057A692}.Debug|x86.Build.0 = Debug|x86
		{51D89EE9-CC78-4F1B-95A0-AB9AC057A692}.Release|Any CPU.ActiveCfg = Release|Any CPU
		{51D89EE9-CC78-4F1B-95A0-AB9AC057A692}.Release|Any CPU.Build.0 = Release|Any CPU
		{51D89EE9-CC78-4F1B-95A0-AB9AC057A692}.Release|x64.ActiveCfg = Release|Any CPU
		{51D89EE9-CC78-4F1B-95A0-AB9AC057A692}.Release|x64.Build.0 = Release|Any CPU
		{51D89EE9-CC78-4F1B-95A0-AB9AC057A692}.Release|x86.ActiveCfg = Release|x86
		{51D89EE9-CC78-4F1B-95A0-AB9AC057A692}.Release|x86.Build.0 = Release|x86
		{41C8517A-D6F5-4BBF-AF20-DC99A12664E8}.Debug|Any CPU.ActiveCfg = Debug|Any CPU
		{41C8517A-D6F5-4BBF-AF20-DC99A12664E8}.Debug|Any CPU.Build.0 = Debug|Any CPU
		{41C8517A-D6F5-4BBF-AF20-DC99A12664E8}.Debug|x64.ActiveCfg = Debug|Any CPU
		{41C8517A-D6F5-4BBF-AF20-DC99A12664E8}.Debug|x64.Build.0 = Debug|Any CPU
		{41C8517A-D6F5-4BBF-AF20-DC99A12664E8}.Debug|x86.ActiveCfg = Debug|x86
		{41C8517A-D6F5-4BBF-AF20-DC99A12664E8}.Debug|x86.Build.0 = Debug|x86
		{41C8517A-D6F5-4BBF-AF20-DC99A12664E8}.Release|Any CPU.ActiveCfg = Release|Any CPU
		{41C8517A-D6F5-4BBF-AF20-DC99A12664E8}.Release|Any CPU.Build.0 = Release|Any CPU
		{41C8517A-D6F5-4BBF-AF20-DC99A12664E8}.Release|x64.ActiveCfg = Release|Any CPU
		{41C8517A-D6F5-4BBF-AF20-DC99A12664E8}.Release|x64.Build.0 = Release|Any CPU
		{41C8517A-D6F5-4BBF-AF20-DC99A12664E8}.Release|x86.ActiveCfg = Release|x86
		{41C8517A-D6F5-4BBF-AF20-DC99A12664E8}.Release|x86.Build.0 = Release|x86
		{2F117758-5FEB-4D75-8534-6F1099ED5CEA}.Debug|Any CPU.ActiveCfg = Debug|Any CPU
		{2F117758-5FEB-4D75-8534-6F1099ED5CEA}.Debug|Any CPU.Build.0 = Debug|Any CPU
		{2F117758-5FEB-4D75-8534-6F1099ED5CEA}.Debug|x64.ActiveCfg = Debug|Any CPU
		{2F117758-5FEB-4D75-8534-6F1099ED5CEA}.Debug|x64.Build.0 = Debug|Any CPU
		{2F117758-5FEB-4D75-8534-6F1099ED5CEA}.Debug|x86.ActiveCfg = Debug|x86
		{2F117758-5FEB-4D75-8534-6F1099ED5CEA}.Debug|x86.Build.0 = Debug|x86
		{2F117758-5FEB-4D75-8534-6F1099ED5CEA}.Release|Any CPU.ActiveCfg = Release|Any CPU
		{2F117758-5FEB-4D75-8534-6F1099ED5CEA}.Release|Any CPU.Build.0 = Release|Any CPU
		{2F117758-5FEB-4D75-8534-6F1099ED5CEA}.Release|x64.ActiveCfg = Release|Any CPU
		{2F117758-5FEB-4D75-8534-6F1099ED5CEA}.Release|x64.Build.0 = Release|Any CPU
		{2F117758-5FEB-4D75-8534-6F1099ED5CEA}.Release|x86.ActiveCfg = Release|x86
		{2F117758-5FEB-4D75-8534-6F1099ED5CEA}.Release|x86.Build.0 = Release|x86
		{A6DD77D6-80F9-4BA6-83F7-4913C2DF866A}.Debug|Any CPU.ActiveCfg = Debug|Any CPU
		{A6DD77D6-80F9-4BA6-83F7-4913C2DF866A}.Debug|Any CPU.Build.0 = Debug|Any CPU
		{A6DD77D6-80F9-4BA6-83F7-4913C2DF866A}.Debug|x64.ActiveCfg = Debug|Any CPU
		{A6DD77D6-80F9-4BA6-83F7-4913C2DF866A}.Debug|x64.Build.0 = Debug|Any CPU
		{A6DD77D6-80F9-4BA6-83F7-4913C2DF866A}.Debug|x86.ActiveCfg = Debug|x86
		{A6DD77D6-80F9-4BA6-83F7-4913C2DF866A}.Debug|x86.Build.0 = Debug|x86
		{A6DD77D6-80F9-4BA6-83F7-4913C2DF866A}.Release|Any CPU.ActiveCfg = Release|Any CPU
		{A6DD77D6-80F9-4BA6-83F7-4913C2DF866A}.Release|Any CPU.Build.0 = Release|Any CPU
		{A6DD77D6-80F9-4BA6-83F7-4913C2DF866A}.Release|x64.ActiveCfg = Release|Any CPU
		{A6DD77D6-80F9-4BA6-83F7-4913C2DF866A}.Release|x64.Build.0 = Release|Any CPU
		{A6DD77D6-80F9-4BA6-83F7-4913C2DF866A}.Release|x86.ActiveCfg = Release|x86
		{A6DD77D6-80F9-4BA6-83F7-4913C2DF866A}.Release|x86.Build.0 = Release|x86
		{4E67B062-A8D7-4FB8-9487-B0ACE402DF52}.Debug|Any CPU.ActiveCfg = Debug|Any CPU
		{4E67B062-A8D7-4FB8-9487-B0ACE402DF52}.Debug|Any CPU.Build.0 = Debug|Any CPU
		{4E67B062-A8D7-4FB8-9487-B0ACE402DF52}.Debug|x64.ActiveCfg = Debug|Any CPU
		{4E67B062-A8D7-4FB8-9487-B0ACE402DF52}.Debug|x64.Build.0 = Debug|Any CPU
		{4E67B062-A8D7-4FB8-9487-B0ACE402DF52}.Debug|x86.ActiveCfg = Debug|x86
		{4E67B062-A8D7-4FB8-9487-B0ACE402DF52}.Debug|x86.Build.0 = Debug|x86
		{4E67B062-A8D7-4FB8-9487-B0ACE402DF52}.Release|Any CPU.ActiveCfg = Release|Any CPU
		{4E67B062-A8D7-4FB8-9487-B0ACE402DF52}.Release|Any CPU.Build.0 = Release|Any CPU
		{4E67B062-A8D7-4FB8-9487-B0ACE402DF52}.Release|x64.ActiveCfg = Release|Any CPU
		{4E67B062-A8D7-4FB8-9487-B0ACE402DF52}.Release|x64.Build.0 = Release|Any CPU
		{4E67B062-A8D7-4FB8-9487-B0ACE402DF52}.Release|x86.ActiveCfg = Release|x86
		{4E67B062-A8D7-4FB8-9487-B0ACE402DF52}.Release|x86.Build.0 = Release|x86
		{01A76ECF-D89D-4862-9930-D45744C3F2F1}.Debug|Any CPU.ActiveCfg = Debug|Any CPU
		{01A76ECF-D89D-4862-9930-D45744C3F2F1}.Debug|Any CPU.Build.0 = Debug|Any CPU
		{01A76ECF-D89D-4862-9930-D45744C3F2F1}.Debug|x64.ActiveCfg = Debug|Any CPU
		{01A76ECF-D89D-4862-9930-D45744C3F2F1}.Debug|x64.Build.0 = Debug|Any CPU
		{01A76ECF-D89D-4862-9930-D45744C3F2F1}.Debug|x86.ActiveCfg = Debug|x86
		{01A76ECF-D89D-4862-9930-D45744C3F2F1}.Debug|x86.Build.0 = Debug|x86
		{01A76ECF-D89D-4862-9930-D45744C3F2F1}.Release|Any CPU.ActiveCfg = Release|Any CPU
		{01A76ECF-D89D-4862-9930-D45744C3F2F1}.Release|Any CPU.Build.0 = Release|Any CPU
		{01A76ECF-D89D-4862-9930-D45744C3F2F1}.Release|x64.ActiveCfg = Release|Any CPU
		{01A76ECF-D89D-4862-9930-D45744C3F2F1}.Release|x64.Build.0 = Release|Any CPU
		{01A76ECF-D89D-4862-9930-D45744C3F2F1}.Release|x86.ActiveCfg = Release|x86
		{01A76ECF-D89D-4862-9930-D45744C3F2F1}.Release|x86.Build.0 = Release|x86
		{43449FE4-08B6-49E6-9590-CB44C8C57672}.Debug|Any CPU.ActiveCfg = Debug|Any CPU
		{43449FE4-08B6-49E6-9590-CB44C8C57672}.Debug|Any CPU.Build.0 = Debug|Any CPU
		{43449FE4-08B6-49E6-9590-CB44C8C57672}.Debug|x64.ActiveCfg = Debug|Any CPU
		{43449FE4-08B6-49E6-9590-CB44C8C57672}.Debug|x64.Build.0 = Debug|Any CPU
		{43449FE4-08B6-49E6-9590-CB44C8C57672}.Debug|x86.ActiveCfg = Debug|x86
		{43449FE4-08B6-49E6-9590-CB44C8C57672}.Debug|x86.Build.0 = Debug|x86
		{43449FE4-08B6-49E6-9590-CB44C8C57672}.Release|Any CPU.ActiveCfg = Release|Any CPU
		{43449FE4-08B6-49E6-9590-CB44C8C57672}.Release|Any CPU.Build.0 = Release|Any CPU
		{43449FE4-08B6-49E6-9590-CB44C8C57672}.Release|x64.ActiveCfg = Release|Any CPU
		{43449FE4-08B6-49E6-9590-CB44C8C57672}.Release|x64.Build.0 = Release|Any CPU
		{43449FE4-08B6-49E6-9590-CB44C8C57672}.Release|x86.ActiveCfg = Release|x86
		{43449FE4-08B6-49E6-9590-CB44C8C57672}.Release|x86.Build.0 = Release|x86
		{1E99A031-C0FF-416F-9C9B-3575941DF41E}.Debug|Any CPU.ActiveCfg = Debug|Any CPU
		{1E99A031-C0FF-416F-9C9B-3575941DF41E}.Debug|Any CPU.Build.0 = Debug|Any CPU
		{1E99A031-C0FF-416F-9C9B-3575941DF41E}.Debug|x64.ActiveCfg = Debug|Any CPU
		{1E99A031-C0FF-416F-9C9B-3575941DF41E}.Debug|x64.Build.0 = Debug|Any CPU
		{1E99A031-C0FF-416F-9C9B-3575941DF41E}.Debug|x86.ActiveCfg = Debug|x86
		{1E99A031-C0FF-416F-9C9B-3575941DF41E}.Debug|x86.Build.0 = Debug|x86
		{1E99A031-C0FF-416F-9C9B-3575941DF41E}.Release|Any CPU.ActiveCfg = Release|Any CPU
		{1E99A031-C0FF-416F-9C9B-3575941DF41E}.Release|Any CPU.Build.0 = Release|Any CPU
		{1E99A031-C0FF-416F-9C9B-3575941DF41E}.Release|x64.ActiveCfg = Release|Any CPU
		{1E99A031-C0FF-416F-9C9B-3575941DF41E}.Release|x64.Build.0 = Release|Any CPU
		{1E99A031-C0FF-416F-9C9B-3575941DF41E}.Release|x86.ActiveCfg = Release|x86
		{1E99A031-C0FF-416F-9C9B-3575941DF41E}.Release|x86.Build.0 = Release|x86
	EndGlobalSection
	GlobalSection(SolutionProperties) = preSolution
		HideSolutionNode = FALSE
	EndGlobalSection
	GlobalSection(NestedProjects) = preSolution
		{B726FB71-D295-41EE-9644-B2B0B1BC8911} = {7C00CB4E-E03D-4B3A-889D-D2B59C3E4438}
		{892CBE15-9ED7-4540-81FA-0EAABA592138} = {D4414E5B-A380-4CBE-9103-BC7588260976}
		{CD0EE85F-3877-4725-9A29-968A33156D3D} = {ABC630A2-50D2-4DF5-B4FF-C6E1FABE530E}
		{2630D180-1B68-4E84-AEAC-42EE8C88B50F} = {ABC630A2-50D2-4DF5-B4FF-C6E1FABE530E}
		{ADE96497-7C11-40B6-AE82-57F956C9F104} = {ABC630A2-50D2-4DF5-B4FF-C6E1FABE530E}
		{32EE9373-A350-42AC-972B-41B2EDABA082} = {CD0EE85F-3877-4725-9A29-968A33156D3D}
		{E112FFCC-BD88-4056-99E1-0991A0E82588} = {ABC630A2-50D2-4DF5-B4FF-C6E1FABE530E}
		{FA24EBE1-6ADD-4BB5-AE04-47E1B0A8AC9D} = {2AFC5D5F-91E9-4F22-A752-D39ECDA1BE30}
		{C1EB7C05-6D38-4CE9-9EF6-93D419B954F0} = {BF286D6A-02BF-4802-8E6F-A499B3DFE0FB}
		{21C5F1B5-46DC-48C2-84C0-38C56299C891} = {BF286D6A-02BF-4802-8E6F-A499B3DFE0FB}
		{4009EC13-9CB9-4092-9D3C-834756AF5602} = {7C00CB4E-E03D-4B3A-889D-D2B59C3E4438}
		{265A6E11-3412-45BE-AA4A-6AA4722D2F46} = {BF286D6A-02BF-4802-8E6F-A499B3DFE0FB}
		{8D5E8453-0AC4-4627-B0BE-EEACEF17D44B} = {265A6E11-3412-45BE-AA4A-6AA4722D2F46}
		{51D89EE9-CC78-4F1B-95A0-AB9AC057A692} = {265A6E11-3412-45BE-AA4A-6AA4722D2F46}
		{41C8517A-D6F5-4BBF-AF20-DC99A12664E8} = {BD71B780-9B88-4BD9-AD58-E63E355CF614}
		{2F117758-5FEB-4D75-8534-6F1099ED5CEA} = {857A7659-54F7-4BEF-9CBE-E106CEF6CD00}
		{A6DD77D6-80F9-4BA6-83F7-4913C2DF866A} = {7C00CB4E-E03D-4B3A-889D-D2B59C3E4438}
		{4E67B062-A8D7-4FB8-9487-B0ACE402DF52} = {857A7659-54F7-4BEF-9CBE-E106CEF6CD00}
		{01A76ECF-D89D-4862-9930-D45744C3F2F1} = {F5AC35B5-7753-465E-A67E-E4376A2B4A24}
		{43449FE4-08B6-49E6-9590-CB44C8C57672} = {F5AC35B5-7753-465E-A67E-E4376A2B4A24}
		{1E99A031-C0FF-416F-9C9B-3575941DF41E} = {7C00CB4E-E03D-4B3A-889D-D2B59C3E4438}
	EndGlobalSection
	GlobalSection(ExtensibilityGlobals) = postSolution
		SolutionGuid = {A49E34D3-A7AB-425F-9F7C-BF0EC8716FAC}
	EndGlobalSection
EndGlobal
